
Microsoft Visual Studio Solution File, Format Version 12.00
# Visual Studio Version 17
VisualStudioVersion = 17.8.34525.116
MinimumVisualStudioVersion = 10.0.40219.1
Project("{FAE04EC0-301F-11D3-BF4B-00C04F79EFBC}") = "Lab4", "Lab4\Lab4.csproj", "{797F6D4F-0FD2-4817-BC65-E6D9D1C951E2}"
EndProject
Global
	GlobalSection(SolutionConfigurationPlatforms) = preSolution
		Debug|Any CPU = Debug|Any CPU
		Release|Any CPU = Release|Any CPU
	EndGlobalSection
	GlobalSection(ProjectConfigurationPlatforms) = postSolution
		{797F6D4F-0FD2-4817-BC65-E6D9D1C951E2}.Debug|Any CPU.ActiveCfg = Debug|Any CPU
		{797F6D4F-0FD2-4817-BC65-E6D9D1C951E2}.Debug|Any CPU.Build.0 = Debug|Any CPU
		{797F6D4F-0FD2-4817-BC65-E6D9D1C951E2}.Release|Any CPU.ActiveCfg = Release|Any CPU
		{797F6D4F-0FD2-4817-BC65-E6D9D1C951E2}.Release|Any CPU.Build.0 = Release|Any CPU
	EndGlobalSection
	GlobalSection(SolutionProperties) = preSolution
		HideSolutionNode = FALSE
	EndGlobalSection
	GlobalSection(ExtensibilityGlobals) = postSolution
		SolutionGuid = {95C04346-D541-4BB7-823F-7F0F4BF7E03B}
	EndGlobalSection
EndGlobal
